
Microsoft Visual Studio Solution File, Format Version 12.00
# Visual Studio Version 17
VisualStudioVersion = 17.9.34616.47
MinimumVisualStudioVersion = 10.0.40219.1
Project("{9A19103F-16F7-4668-BE54-9A1E7A4F7556}") = "Infinite Skunome", "Infinite Skunome\Infinite Skunome.csproj", "{546F65AA-2694-4E1F-A3FA-D078B70BF6DE}"
EndProject
Global
	GlobalSection(SolutionConfigurationPlatforms) = preSolution
		Debug|Any CPU = Debug|Any CPU
		Release|Any CPU = Release|Any CPU
	EndGlobalSection
	GlobalSection(ProjectConfigurationPlatforms) = postSolution
		{546F65AA-2694-4E1F-A3FA-D078B70BF6DE}.Debug|Any CPU.ActiveCfg = Debug|Any CPU
		{546F65AA-2694-4E1F-A3FA-D078B70BF6DE}.Debug|Any CPU.Build.0 = Debug|Any CPU
		{546F65AA-2694-4E1F-A3FA-D078B70BF6DE}.Release|Any CPU.ActiveCfg = Release|Any CPU
		{546F65AA-2694-4E1F-A3FA-D078B70BF6DE}.Release|Any CPU.Build.0 = Release|Any CPU
	EndGlobalSection
	GlobalSection(SolutionProperties) = preSolution
		HideSolutionNode = FALSE
	EndGlobalSection
	GlobalSection(ExtensibilityGlobals) = postSolution
		SolutionGuid = {DB9E66B7-2C11-4629-85AD-D60C8B177119}
	EndGlobalSection
EndGlobal
